<?xml version="1.0" encoding="UTF-8"?>
<Project ToolsVersion="4.0" xmlns="http://schemas.microsoft.com/developer/msbuild/2003">
  <ItemGroup>
    <ClCompile Include="F:\projects\C\word_count\core\array\src\add_word.c">
      <Filter>Source Files</Filter>
    </ClCompile>
    <ClCompile Include="F:\projects\C\word_count\core\array\src\dump_word.c">
      <Filter>Source Files</Filter>
    </ClCompile>
    <ClCompile Include="F:\projects\C\word_count\core\array\src\finalize.c">
      <Filter>Source Files</Filter>
    </ClCompile>
    <ClCompile Include="F:\projects\C\word_count\core\array\src\initialize.c">
      <Filter>Source Files</Filter>
    </ClCompile>
  </ItemGroup>
  <ItemGroup>
    <CustomBuild Include="F:\projects\C\word_count\core\CMakeLists.txt" />
  </ItemGroup>
  <ItemGroup>
    <Filter Include="Source Files">
      <UniqueIdentifier>{9C4B3FC8-55C7-3B14-BD2E-234C1AF6817F}</UniqueIdentifier>
    </Filter>
  </ItemGroup>
</Project>
